
Microsoft Visual Studio Solution File, Format Version 12.00
# Visual Studio Version 17
VisualStudioVersion = 17.1.32228.430
MinimumVisualStudioVersion = 10.0.40219.1
Project("{FAE04EC0-301F-11D3-BF4B-00C04F79EFBC}") = "code 12", "code 12\code 12.csproj", "{48C272FA-7658-4F38-98DD-99BA11227837}"
EndProject
Global
	GlobalSection(SolutionConfigurationPlatforms) = preSolution
		Debug|Any CPU = Debug|Any CPU
		Release|Any CPU = Release|Any CPU
	EndGlobalSection
	GlobalSection(ProjectConfigurationPlatforms) = postSolution
		{48C272FA-7658-4F38-98DD-99BA11227837}.Debug|Any CPU.ActiveCfg = Debug|Any CPU
		{48C272FA-7658-4F38-98DD-99BA11227837}.Debug|Any CPU.Build.0 = Debug|Any CPU
		{48C272FA-7658-4F38-98DD-99BA11227837}.Release|Any CPU.ActiveCfg = Release|Any CPU
		{48C272FA-7658-4F38-98DD-99BA11227837}.Release|Any CPU.Build.0 = Release|Any CPU
	EndGlobalSection
	GlobalSection(SolutionProperties) = preSolution
		HideSolutionNode = FALSE
	EndGlobalSection
	GlobalSection(ExtensibilityGlobals) = postSolution
		SolutionGuid = {7752C2EF-A389-4CFD-BBA7-345C060922E7}
	EndGlobalSection
EndGlobal
