
Microsoft Visual Studio Solution File, Format Version 12.00
# Visual Studio Version 17
VisualStudioVersion = 17.1.32228.430
MinimumVisualStudioVersion = 10.0.40219.1
Project("{FAE04EC0-301F-11D3-BF4B-00C04F79EFBC}") = "Code Challenge Class 11", "Code Challenge Class 11\Code Challenge Class 11.csproj", "{E4E2E668-7150-4B4C-9526-5B7C0FAB5A40}"
EndProject
Global
	GlobalSection(SolutionConfigurationPlatforms) = preSolution
		Debug|Any CPU = Debug|Any CPU
		Release|Any CPU = Release|Any CPU
	EndGlobalSection
	GlobalSection(ProjectConfigurationPlatforms) = postSolution
		{E4E2E668-7150-4B4C-9526-5B7C0FAB5A40}.Debug|Any CPU.ActiveCfg = Debug|Any CPU
		{E4E2E668-7150-4B4C-9526-5B7C0FAB5A40}.Debug|Any CPU.Build.0 = Debug|Any CPU
		{E4E2E668-7150-4B4C-9526-5B7C0FAB5A40}.Release|Any CPU.ActiveCfg = Release|Any CPU
		{E4E2E668-7150-4B4C-9526-5B7C0FAB5A40}.Release|Any CPU.Build.0 = Release|Any CPU
	EndGlobalSection
	GlobalSection(SolutionProperties) = preSolution
		HideSolutionNode = FALSE
	EndGlobalSection
	GlobalSection(ExtensibilityGlobals) = postSolution
		SolutionGuid = {5680F365-EE66-4481-9A60-EEB4ED479C9B}
	EndGlobalSection
EndGlobal
