
Microsoft Visual Studio Solution File, Format Version 12.00
# Visual Studio Version 17
VisualStudioVersion = 17.1.32228.430
MinimumVisualStudioVersion = 10.0.40219.1
Project("{FAE04EC0-301F-11D3-BF4B-00C04F79EFBC}") = "array-insert-shift", "array-insert-shift\array-insert-shift.csproj", "{0274943C-8A1E-4FB5-B573-742F20E148DC}"
EndProject
Global
	GlobalSection(SolutionConfigurationPlatforms) = preSolution
		Debug|Any CPU = Debug|Any CPU
		Release|Any CPU = Release|Any CPU
	EndGlobalSection
	GlobalSection(ProjectConfigurationPlatforms) = postSolution
		{0274943C-8A1E-4FB5-B573-742F20E148DC}.Debug|Any CPU.ActiveCfg = Debug|Any CPU
		{0274943C-8A1E-4FB5-B573-742F20E148DC}.Debug|Any CPU.Build.0 = Debug|Any CPU
		{0274943C-8A1E-4FB5-B573-742F20E148DC}.Release|Any CPU.ActiveCfg = Release|Any CPU
		{0274943C-8A1E-4FB5-B573-742F20E148DC}.Release|Any CPU.Build.0 = Release|Any CPU
	EndGlobalSection
	GlobalSection(SolutionProperties) = preSolution
		HideSolutionNode = FALSE
	EndGlobalSection
	GlobalSection(ExtensibilityGlobals) = postSolution
		SolutionGuid = {452960D3-6CB7-43F0-B27B-369DAE05B7A7}
	EndGlobalSection
EndGlobal
